
Microsoft Visual Studio Solution File, Format Version 12.00
Project("{FAE04EC0-301F-11D3-BF4B-00C04F79EFBC}") = "PaymentService.API", "PaymentService.API\PaymentService.API.csproj", "{D6AF5B16-7832-450B-81A3-C250EBA39A9D}"
EndProject
Project("{FAE04EC0-301F-11D3-BF4B-00C04F79EFBC}") = "Contracts", "..\Contracts\Contracts.csproj", "{09969745-2FBD-4085-8B5A-8812D07885DD}"
EndProject
Global
	GlobalSection(SolutionConfigurationPlatforms) = preSolution
		Debug|Any CPU = Debug|Any CPU
		Release|Any CPU = Release|Any CPU
	EndGlobalSection
	GlobalSection(ProjectConfigurationPlatforms) = postSolution
		{D6AF5B16-7832-450B-81A3-C250EBA39A9D}.Debug|Any CPU.ActiveCfg = Debug|Any CPU
		{D6AF5B16-7832-450B-81A3-C250EBA39A9D}.Debug|Any CPU.Build.0 = Debug|Any CPU
		{D6AF5B16-7832-450B-81A3-C250EBA39A9D}.Release|Any CPU.ActiveCfg = Release|Any CPU
		{D6AF5B16-7832-450B-81A3-C250EBA39A9D}.Release|Any CPU.Build.0 = Release|Any CPU
		{09969745-2FBD-4085-8B5A-8812D07885DD}.Debug|Any CPU.ActiveCfg = Debug|Any CPU
		{09969745-2FBD-4085-8B5A-8812D07885DD}.Debug|Any CPU.Build.0 = Debug|Any CPU
		{09969745-2FBD-4085-8B5A-8812D07885DD}.Release|Any CPU.ActiveCfg = Release|Any CPU
		{09969745-2FBD-4085-8B5A-8812D07885DD}.Release|Any CPU.Build.0 = Release|Any CPU
	EndGlobalSection
EndGlobal
