
Microsoft Visual Studio Solution File, Format Version 12.00
Project("{FAE04EC0-301F-11D3-BF4B-00C04F79EFBC}") = "Courier", "Courier\Courier.csproj", "{C4BB10B7-1AB1-434B-984A-140AB3C85322}"
EndProject
Project("{FAE04EC0-301F-11D3-BF4B-00C04F79EFBC}") = "Contracts", "..\Contracts\Contracts.csproj", "{3CF48EEE-F4B4-431F-8803-8495382BEDDC}"
EndProject
Global
	GlobalSection(SolutionConfigurationPlatforms) = preSolution
		Debug|Any CPU = Debug|Any CPU
		Release|Any CPU = Release|Any CPU
	EndGlobalSection
	GlobalSection(ProjectConfigurationPlatforms) = postSolution
		{C4BB10B7-1AB1-434B-984A-140AB3C85322}.Debug|Any CPU.ActiveCfg = Debug|Any CPU
		{C4BB10B7-1AB1-434B-984A-140AB3C85322}.Debug|Any CPU.Build.0 = Debug|Any CPU
		{C4BB10B7-1AB1-434B-984A-140AB3C85322}.Release|Any CPU.ActiveCfg = Release|Any CPU
		{C4BB10B7-1AB1-434B-984A-140AB3C85322}.Release|Any CPU.Build.0 = Release|Any CPU
		{3CF48EEE-F4B4-431F-8803-8495382BEDDC}.Debug|Any CPU.ActiveCfg = Debug|Any CPU
		{3CF48EEE-F4B4-431F-8803-8495382BEDDC}.Debug|Any CPU.Build.0 = Debug|Any CPU
		{3CF48EEE-F4B4-431F-8803-8495382BEDDC}.Release|Any CPU.ActiveCfg = Release|Any CPU
		{3CF48EEE-F4B4-431F-8803-8495382BEDDC}.Release|Any CPU.Build.0 = Release|Any CPU
	EndGlobalSection
EndGlobal
